
Microsoft Visual Studio Solution File, Format Version 12.00
# Visual Studio Version 17
VisualStudioVersion = 17.9.34607.119
MinimumVisualStudioVersion = 10.0.40219.1
Project("{9A19103F-16F7-4668-BE54-9A1E7A4F7556}") = "Prularia", "Prularia\Prularia.csproj", "{5F9B5F95-9B28-4CF5-95FD-4316D4CA72CD}"
	ProjectSection(ProjectDependencies) = postProject
		{1A65A330-AA0A-4B2D-BA7C-160B26854734} = {1A65A330-AA0A-4B2D-BA7C-160B26854734}
	EndProjectSection
EndProject
Project("{9A19103F-16F7-4668-BE54-9A1E7A4F7556}") = "PrulariaModels", "PrulariaDataClasses\PrulariaModels.csproj", "{1A65A330-AA0A-4B2D-BA7C-160B26854734}"
EndProject
Global
	GlobalSection(SolutionConfigurationPlatforms) = preSolution
		Debug|Any CPU = Debug|Any CPU
		Release|Any CPU = Release|Any CPU
	EndGlobalSection
	GlobalSection(ProjectConfigurationPlatforms) = postSolution
		{5F9B5F95-9B28-4CF5-95FD-4316D4CA72CD}.Debug|Any CPU.ActiveCfg = Debug|Any CPU
		{5F9B5F95-9B28-4CF5-95FD-4316D4CA72CD}.Debug|Any CPU.Build.0 = Debug|Any CPU
		{5F9B5F95-9B28-4CF5-95FD-4316D4CA72CD}.Release|Any CPU.ActiveCfg = Release|Any CPU
		{5F9B5F95-9B28-4CF5-95FD-4316D4CA72CD}.Release|Any CPU.Build.0 = Release|Any CPU
		{1A65A330-AA0A-4B2D-BA7C-160B26854734}.Debug|Any CPU.ActiveCfg = Debug|Any CPU
		{1A65A330-AA0A-4B2D-BA7C-160B26854734}.Debug|Any CPU.Build.0 = Debug|Any CPU
		{1A65A330-AA0A-4B2D-BA7C-160B26854734}.Release|Any CPU.ActiveCfg = Release|Any CPU
		{1A65A330-AA0A-4B2D-BA7C-160B26854734}.Release|Any CPU.Build.0 = Release|Any CPU
	EndGlobalSection
	GlobalSection(SolutionProperties) = preSolution
		HideSolutionNode = FALSE
	EndGlobalSection
	GlobalSection(ExtensibilityGlobals) = postSolution
		SolutionGuid = {149FB07D-5E85-484D-ADE5-73D1DC601AEE}
	EndGlobalSection
EndGlobal
